
Microsoft Visual Studio Solution File, Format Version 12.00
# Visual Studio Version 16
VisualStudioVersion = 16.0.31613.86
MinimumVisualStudioVersion = 10.0.40219.1
Project("{8BC9CEB8-8B4A-11D0-8D11-00A0C91BC942}") = "IIR2", "IIR2.vcxproj", "{B7B9ED11-5877-41E1-8EE5-5B3E1DF1ABE0}"
EndProject
Global
	GlobalSection(SolutionConfigurationPlatforms) = preSolution
		Debug|x64 = Debug|x64
		Debug|x86 = Debug|x86
		Release|x64 = Release|x64
		Release|x86 = Release|x86
	EndGlobalSection
	GlobalSection(ProjectConfigurationPlatforms) = postSolution
		{B7B9ED11-5877-41E1-8EE5-5B3E1DF1ABE0}.Debug|x64.ActiveCfg = Debug|x64
		{B7B9ED11-5877-41E1-8EE5-5B3E1DF1ABE0}.Debug|x64.Build.0 = Debug|x64
		{B7B9ED11-5877-41E1-8EE5-5B3E1DF1ABE0}.Debug|x86.ActiveCfg = Debug|Win32
		{B7B9ED11-5877-41E1-8EE5-5B3E1DF1ABE0}.Debug|x86.Build.0 = Debug|Win32
		{B7B9ED11-5877-41E1-8EE5-5B3E1DF1ABE0}.Release|x64.ActiveCfg = Release|x64
		{B7B9ED11-5877-41E1-8EE5-5B3E1DF1ABE0}.Release|x64.Build.0 = Release|x64
		{B7B9ED11-5877-41E1-8EE5-5B3E1DF1ABE0}.Release|x86.ActiveCfg = Release|Win32
		{B7B9ED11-5877-41E1-8EE5-5B3E1DF1ABE0}.Release|x86.Build.0 = Release|Win32
	EndGlobalSection
	GlobalSection(SolutionProperties) = preSolution
		HideSolutionNode = FALSE
	EndGlobalSection
	GlobalSection(ExtensibilityGlobals) = postSolution
		SolutionGuid = {A5C0871C-658D-4F6F-A4F1-0C72AC41DA7F}
	EndGlobalSection
EndGlobal
