
Microsoft Visual Studio Solution File, Format Version 12.00
# Visual Studio Version 16
VisualStudioVersion = 16.0.31613.86
MinimumVisualStudioVersion = 10.0.40219.1
Project("{8BC9CEB8-8B4A-11D0-8D11-00A0C91BC942}") = "test8part2", "test8part2.vcxproj", "{FEBF90F0-2A74-4642-9FDA-38E4B2B47DA0}"
EndProject
Global
	GlobalSection(SolutionConfigurationPlatforms) = preSolution
		Debug|x64 = Debug|x64
		Debug|x86 = Debug|x86
		Release|x64 = Release|x64
		Release|x86 = Release|x86
	EndGlobalSection
	GlobalSection(ProjectConfigurationPlatforms) = postSolution
		{FEBF90F0-2A74-4642-9FDA-38E4B2B47DA0}.Debug|x64.ActiveCfg = Debug|x64
		{FEBF90F0-2A74-4642-9FDA-38E4B2B47DA0}.Debug|x64.Build.0 = Debug|x64
		{FEBF90F0-2A74-4642-9FDA-38E4B2B47DA0}.Debug|x86.ActiveCfg = Debug|Win32
		{FEBF90F0-2A74-4642-9FDA-38E4B2B47DA0}.Debug|x86.Build.0 = Debug|Win32
		{FEBF90F0-2A74-4642-9FDA-38E4B2B47DA0}.Release|x64.ActiveCfg = Release|x64
		{FEBF90F0-2A74-4642-9FDA-38E4B2B47DA0}.Release|x64.Build.0 = Release|x64
		{FEBF90F0-2A74-4642-9FDA-38E4B2B47DA0}.Release|x86.ActiveCfg = Release|Win32
		{FEBF90F0-2A74-4642-9FDA-38E4B2B47DA0}.Release|x86.Build.0 = Release|Win32
	EndGlobalSection
	GlobalSection(SolutionProperties) = preSolution
		HideSolutionNode = FALSE
	EndGlobalSection
	GlobalSection(ExtensibilityGlobals) = postSolution
		SolutionGuid = {142DD323-F83D-43FD-916F-1FA222BE5885}
	EndGlobalSection
EndGlobal
