
Microsoft Visual Studio Solution File, Format Version 12.00
# Visual Studio Version 16
VisualStudioVersion = 16.0.31613.86
MinimumVisualStudioVersion = 10.0.40219.1
Project("{8BC9CEB8-8B4A-11D0-8D11-00A0C91BC942}") = "test9part1", "test9part1.vcxproj", "{ABB30758-C42B-4AB3-9C05-FB6975D28920}"
EndProject
Global
	GlobalSection(SolutionConfigurationPlatforms) = preSolution
		Debug|x64 = Debug|x64
		Debug|x86 = Debug|x86
		Release|x64 = Release|x64
		Release|x86 = Release|x86
	EndGlobalSection
	GlobalSection(ProjectConfigurationPlatforms) = postSolution
		{ABB30758-C42B-4AB3-9C05-FB6975D28920}.Debug|x64.ActiveCfg = Debug|x64
		{ABB30758-C42B-4AB3-9C05-FB6975D28920}.Debug|x64.Build.0 = Debug|x64
		{ABB30758-C42B-4AB3-9C05-FB6975D28920}.Debug|x86.ActiveCfg = Debug|Win32
		{ABB30758-C42B-4AB3-9C05-FB6975D28920}.Debug|x86.Build.0 = Debug|Win32
		{ABB30758-C42B-4AB3-9C05-FB6975D28920}.Release|x64.ActiveCfg = Release|x64
		{ABB30758-C42B-4AB3-9C05-FB6975D28920}.Release|x64.Build.0 = Release|x64
		{ABB30758-C42B-4AB3-9C05-FB6975D28920}.Release|x86.ActiveCfg = Release|Win32
		{ABB30758-C42B-4AB3-9C05-FB6975D28920}.Release|x86.Build.0 = Release|Win32
	EndGlobalSection
	GlobalSection(SolutionProperties) = preSolution
		HideSolutionNode = FALSE
	EndGlobalSection
	GlobalSection(ExtensibilityGlobals) = postSolution
		SolutionGuid = {FE49CD4F-02AD-41CC-AF0C-1A83BB0F11B8}
	EndGlobalSection
EndGlobal
